// !$*UTF8*$!
{
	archiveVersion = 1;
	classes = {
	};
	objectVersion = 56;
	objects = {

/* Begin PBXBuildFile section */
		D3105FD52B8E1C0D007DAE0B /* HolaApp.swift in Sources */ = {isa = PBXBuildFile; fileRef = D3105FD42B8E1C0D007DAE0B /* HolaApp.swift */; };
		D3105FD72B8E1C0D007DAE0B /* ContentView.swift in Sources */ = {isa = PBXBuildFile; fileRef = D3105FD62B8E1C0D007DAE0B /* ContentView.swift */; };
		D3105FD92B8E1C0D007DAE0B /* Item.swift in Sources */ = {isa = PBXBuildFile; fileRef = D3105FD82B8E1C0D007DAE0B /* Item.swift */; };
		D3105FDB2B8E1C0E007DAE0B /* Assets.xcassets in Resources */ = {isa = PBXBuildFile; fileRef = D3105FDA2B8E1C0E007DAE0B /* Assets.xcassets */; };
		D3105FDE2B8E1C0E007DAE0B /* Preview Assets.xcassets in Resources */ = {isa = PBXBuildFile; fileRef = D3105FDD2B8E1C0E007DAE0B /* Preview Assets.xcassets */; };
		D3105FE62B8FCFC1007DAE0B /* ThemeSwitcherStyle.swift in Sources */ = {isa = PBXBuildFile; fileRef = D3105FE52B8FCFC1007DAE0B /* ThemeSwitcherStyle.swift */; };
		D3105FE82B8FD783007DAE0B /* Colors.xcassets in Resources */ = {isa = PBXBuildFile; fileRef = D3105FE72B8FD783007DAE0B /* Colors.xcassets */; };
		D3105FF12B90BD9D007DAE0B /* MailBoxView.swift in Sources */ = {isa = PBXBuildFile; fileRef = D3105FF02B90BD9D007DAE0B /* MailBoxView.swift */; };
		D3105FF32B912781007DAE0B /* hola.db in Resources */ = {isa = PBXBuildFile; fileRef = D3105FF22B912781007DAE0B /* hola.db */; };
/* End PBXBuildFile section */

/* Begin PBXCopyFilesBuildPhase section */
		D3105FE92B90BA45007DAE0B /* CopyFiles */ = {
			isa = PBXCopyFilesBuildPhase;
			buildActionMask = 2147483647;
			dstPath = "";
			dstSubfolderSpec = 6;
			files = (
			);
			runOnlyForDeploymentPostprocessing = 0;
		};
/* End PBXCopyFilesBuildPhase section */

/* Begin PBXFileReference section */
		D3105FD12B8E1C0D007DAE0B /* Hola.app */ = {isa = PBXFileReference; explicitFileType = wrapper.application; includeInIndex = 0; path = Hola.app; sourceTree = BUILT_PRODUCTS_DIR; };
		D3105FD42B8E1C0D007DAE0B /* HolaApp.swift */ = {isa = PBXFileReference; lastKnownFileType = sourcecode.swift; path = HolaApp.swift; sourceTree = "<group>"; };
		D3105FD62B8E1C0D007DAE0B /* ContentView.swift */ = {isa = PBXFileReference; lastKnownFileType = sourcecode.swift; path = ContentView.swift; sourceTree = "<group>"; };
		D3105FD82B8E1C0D007DAE0B /* Item.swift */ = {isa = PBXFileReference; lastKnownFileType = sourcecode.swift; path = Item.swift; sourceTree = "<group>"; };
		D3105FDA2B8E1C0E007DAE0B /* Assets.xcassets */ = {isa = PBXFileReference; lastKnownFileType = folder.assetcatalog; path = Assets.xcassets; sourceTree = "<group>"; };
		D3105FDD2B8E1C0E007DAE0B /* Preview Assets.xcassets */ = {isa = PBXFileReference; lastKnownFileType = folder.assetcatalog; path = "Preview Assets.xcassets"; sourceTree = "<group>"; };
		D3105FDF2B8E1C0E007DAE0B /* Hola.entitlements */ = {isa = PBXFileReference; lastKnownFileType = text.plist.entitlements; path = Hola.entitlements; sourceTree = "<group>"; };
		D3105FE52B8FCFC1007DAE0B /* ThemeSwitcherStyle.swift */ = {isa = PBXFileReference; lastKnownFileType = sourcecode.swift; path = ThemeSwitcherStyle.swift; sourceTree = "<group>"; };
		D3105FE72B8FD783007DAE0B /* Colors.xcassets */ = {isa = PBXFileReference; lastKnownFileType = folder.assetcatalog; path = Colors.xcassets; sourceTree = "<group>"; };
		D3105FF02B90BD9D007DAE0B /* MailBoxView.swift */ = {isa = PBXFileReference; lastKnownFileType = sourcecode.swift; path = MailBoxView.swift; sourceTree = "<group>"; };
		D3105FF22B912781007DAE0B /* hola.db */ = {isa = PBXFileReference; fileEncoding = 4; lastKnownFileType = text; name = hola.db; path = ../../../Downloads/hola.db; sourceTree = "<group>"; };
/* End PBXFileReference section */

/* Begin PBXFrameworksBuildPhase section */
		D3105FCE2B8E1C0D007DAE0B /* Frameworks */ = {
			isa = PBXFrameworksBuildPhase;
			buildActionMask = 2147483647;
			files = (
			);
			runOnlyForDeploymentPostprocessing = 0;
		};
/* End PBXFrameworksBuildPhase section */

/* Begin PBXGroup section */
		D3105FC82B8E1C0D007DAE0B = {
			isa = PBXGroup;
			children = (
				D3105FD32B8E1C0D007DAE0B /* Hola */,
				D3105FD22B8E1C0D007DAE0B /* Products */,
			);
			sourceTree = "<group>";
		};
		D3105FD22B8E1C0D007DAE0B /* Products */ = {
			isa = PBXGroup;
			children = (
				D3105FD12B8E1C0D007DAE0B /* Hola.app */,
			);
			name = Products;
			sourceTree = "<group>";
		};
		D3105FD32B8E1C0D007DAE0B /* Hola */ = {
			isa = PBXGroup;
			children = (
				D3105FF22B912781007DAE0B /* hola.db */,
				D3105FF02B90BD9D007DAE0B /* MailBoxView.swift */,
				D3105FD42B8E1C0D007DAE0B /* HolaApp.swift */,
				D3105FD62B8E1C0D007DAE0B /* ContentView.swift */,
				D3105FD82B8E1C0D007DAE0B /* Item.swift */,
				D3105FE72B8FD783007DAE0B /* Colors.xcassets */,
				D3105FDA2B8E1C0E007DAE0B /* Assets.xcassets */,
				D3105FDF2B8E1C0E007DAE0B /* Hola.entitlements */,
				D3105FDC2B8E1C0E007DAE0B /* Preview Content */,
				D3105FE52B8FCFC1007DAE0B /* ThemeSwitcherStyle.swift */,
			);
			path = Hola;
			sourceTree = "<group>";
		};
		D3105FDC2B8E1C0E007DAE0B /* Preview Content */ = {
			isa = PBXGroup;
			children = (
				D3105FDD2B8E1C0E007DAE0B /* Preview Assets.xcassets */,
			);
			path = "Preview Content";
			sourceTree = "<group>";
		};
/* End PBXGroup section */

/* Begin PBXNativeTarget section */
		D3105FD02B8E1C0D007DAE0B /* Hola */ = {
			isa = PBXNativeTarget;
			buildConfigurationList = D3105FE22B8E1C0E007DAE0B /* Build configuration list for PBXNativeTarget "Hola" */;
			buildPhases = (
				D3105FCD2B8E1C0D007DAE0B /* Sources */,
				D3105FCE2B8E1C0D007DAE0B /* Frameworks */,
				D3105FCF2B8E1C0D007DAE0B /* Resources */,
				D3105FE92B90BA45007DAE0B /* CopyFiles */,
			);
			buildRules = (
			);
			dependencies = (
			);
			name = Hola;
			productName = Hola;
			productReference = D3105FD12B8E1C0D007DAE0B /* Hola.app */;
			productType = "com.apple.product-type.application";
		};
/* End PBXNativeTarget section */

/* Begin PBXProject section */
		D3105FC92B8E1C0D007DAE0B /* Project object */ = {
			isa = PBXProject;
			attributes = {
				BuildIndependentTargetsInParallel = 1;
				LastSwiftUpdateCheck = 1510;
				LastUpgradeCheck = 1510;
				TargetAttributes = {
					D3105FD02B8E1C0D007DAE0B = {
						CreatedOnToolsVersion = 15.1;
					};
				};
			};
			buildConfigurationList = D3105FCC2B8E1C0D007DAE0B /* Build configuration list for PBXProject "Hola" */;
			compatibilityVersion = "Xcode 14.0";
			developmentRegion = en;
			hasScannedForEncodings = 0;
			knownRegions = (
				en,
				Base,
			);
			mainGroup = D3105FC82B8E1C0D007DAE0B;
			productRefGroup = D3105FD22B8E1C0D007DAE0B /* Products */;
			projectDirPath = "";
			projectRoot = "";
			targets = (
				D3105FD02B8E1C0D007DAE0B /* Hola */,
			);
		};
/* End PBXProject section */

/* Begin PBXResourcesBuildPhase section */
		D3105FCF2B8E1C0D007DAE0B /* Resources */ = {
			isa = PBXResourcesBuildPhase;
			buildActionMask = 2147483647;
			files = (
				D3105FE82B8FD783007DAE0B /* Colors.xcassets in Resources */,
				D3105FF32B912781007DAE0B /* hola.db in Resources */,
				D3105FDE2B8E1C0E007DAE0B /* Preview Assets.xcassets in Resources */,
				D3105FDB2B8E1C0E007DAE0B /* Assets.xcassets in Resources */,
			);
			runOnlyForDeploymentPostprocessing = 0;
		};
/* End PBXResourcesBuildPhase section */

/* Begin PBXSourcesBuildPhase section */
		D3105FCD2B8E1C0D007DAE0B /* Sources */ = {
			isa = PBXSourcesBuildPhase;
			buildActionMask = 2147483647;
			files = (
				D3105FD72B8E1C0D007DAE0B /* ContentView.swift in Sources */,
				D3105FF12B90BD9D007DAE0B /* MailBoxView.swift in Sources */,
				D3105FD92B8E1C0D007DAE0B /* Item.swift in Sources */,
				D3105FE62B8FCFC1007DAE0B /* ThemeSwitcherStyle.swift in Sources */,
				D3105FD52B8E1C0D007DAE0B /* HolaApp.swift in Sources */,
			);
			runOnlyForDeploymentPostprocessing = 0;
		};
/* End PBXSourcesBuildPhase section */

/* Begin XCBuildConfiguration section */
		D3105FE02B8E1C0E007DAE0B /* Debug */ = {
			isa = XCBuildConfiguration;
			buildSettings = {
				ALWAYS_SEARCH_USER_PATHS = NO;
				ASSETCATALOG_COMPILER_GENERATE_SWIFT_ASSET_SYMBOL_EXTENSIONS = YES;
				CLANG_ANALYZER_NONNULL = YES;
				CLANG_ANALYZER_NUMBER_OBJECT_CONVERSION = YES_AGGRESSIVE;
				CLANG_CXX_LANGUAGE_STANDARD = "gnu++20";
				CLANG_ENABLE_MODULES = YES;
				CLANG_ENABLE_OBJC_ARC = YES;
				CLANG_ENABLE_OBJC_WEAK = YES;
				CLANG_WARN_BLOCK_CAPTURE_AUTORELEASING = YES;
				CLANG_WARN_BOOL_CONVERSION = YES;
				CLANG_WARN_COMMA = YES;
				CLANG_WARN_CONSTANT_CONVERSION = YES;
				CLANG_WARN_DEPRECATED_OBJC_IMPLEMENTATIONS = YES;
				CLANG_WARN_DIRECT_OBJC_ISA_USAGE = YES_ERROR;
				CLANG_WARN_DOCUMENTATION_COMMENTS = YES;
				CLANG_WARN_EMPTY_BODY = YES;
				CLANG_WARN_ENUM_CONVERSION = YES;
				CLANG_WARN_INFINITE_RECURSION = YES;
				CLANG_WARN_INT_CONVERSION = YES;
				CLANG_WARN_NON_LITERAL_NULL_CONVERSION = YES;
				CLANG_WARN_OBJC_IMPLICIT_RETAIN_SELF = YES;
				CLANG_WARN_OBJC_LITERAL_CONVERSION = YES;
				CLANG_WARN_OBJC_ROOT_CLASS = YES_ERROR;
				CLANG_WARN_QUOTED_INCLUDE_IN_FRAMEWORK_HEADER = YES;
				CLANG_WARN_RANGE_LOOP_ANALYSIS = YES;
				CLANG_WARN_STRICT_PROTOTYPES = YES;
				CLANG_WARN_SUSPICIOUS_MOVE = YES;
				CLANG_WARN_UNGUARDED_AVAILABILITY = YES_AGGRESSIVE;
				CLANG_WARN_UNREACHABLE_CODE = YES;
				CLANG_WARN__DUPLICATE_METHOD_MATCH = YES;
				COPY_PHASE_STRIP = NO;
				DEBUG_INFORMATION_FORMAT = dwarf;
				ENABLE_STRICT_OBJC_MSGSEND = YES;
				ENABLE_TESTABILITY = YES;
				ENABLE_USER_SCRIPT_SANDBOXING = NO;
				GCC_C_LANGUAGE_STANDARD = gnu17;
				GCC_DYNAMIC_NO_PIC = NO;
				GCC_NO_COMMON_BLOCKS = YES;
				GCC_OPTIMIZATION_LEVEL = 0;
				GCC_PREPROCESSOR_DEFINITIONS = (
					"DEBUG=1",
					"$(inherited)",
				);
				GCC_WARN_64_TO_32_BIT_CONVERSION = YES;
				GCC_WARN_ABOUT_RETURN_TYPE = YES_ERROR;
				GCC_WARN_UNDECLARED_SELECTOR = YES;
				GCC_WARN_UNINITIALIZED_AUTOS = YES_AGGRESSIVE;
				GCC_WARN_UNUSED_FUNCTION = YES;
				GCC_WARN_UNUSED_VARIABLE = YES;
				LOCALIZATION_PREFERS_STRING_CATALOGS = YES;
				MACOSX_DEPLOYMENT_TARGET = 14.2;
				MTL_ENABLE_DEBUG_INFO = INCLUDE_SOURCE;
				MTL_FAST_MATH = YES;
				ONLY_ACTIVE_ARCH = YES;
				SDKROOT = macosx;
				SWIFT_ACTIVE_COMPILATION_CONDITIONS = "DEBUG $(inherited)";
				SWIFT_OPTIMIZATION_LEVEL = "-Onone";
			};
			name = Debug;
		};
		D3105FE12B8E1C0E007DAE0B /* Release */ = {
			isa = XCBuildConfiguration;
			buildSettings = {
				ALWAYS_SEARCH_USER_PATHS = NO;
				ASSETCATALOG_COMPILER_GENERATE_SWIFT_ASSET_SYMBOL_EXTENSIONS = YES;
				CLANG_ANALYZER_NONNULL = YES;
				CLANG_ANALYZER_NUMBER_OBJECT_CONVERSION = YES_AGGRESSIVE;
				CLANG_CXX_LANGUAGE_STANDARD = "gnu++20";
				CLANG_ENABLE_MODULES = YES;
				CLANG_ENABLE_OBJC_ARC = YES;
				CLANG_ENABLE_OBJC_WEAK = YES;
				CLANG_WARN_BLOCK_CAPTURE_AUTORELEASING = YES;
				CLANG_WARN_BOOL_CONVERSION = YES;
				CLANG_WARN_COMMA = YES;
				CLANG_WARN_CONSTANT_CONVERSION = YES;
				CLANG_WARN_DEPRECATED_OBJC_IMPLEMENTATIONS = YES;
				CLANG_WARN_DIRECT_OBJC_ISA_USAGE = YES_ERROR;
				CLANG_WARN_DOCUMENTATION_COMMENTS = YES;
				CLANG_WARN_EMPTY_BODY = YES;
				CLANG_WARN_ENUM_CONVERSION = YES;
				CLANG_WARN_INFINITE_RECURSION = YES;
				CLANG_WARN_INT_CONVERSION = YES;
				CLANG_WARN_NON_LITERAL_NULL_CONVERSION = YES;
				CLANG_WARN_OBJC_IMPLICIT_RETAIN_SELF = YES;
				CLANG_WARN_OBJC_LITERAL_CONVERSION = YES;
				CLANG_WARN_OBJC_ROOT_CLASS = YES_ERROR;
				CLANG_WARN_QUOTED_INCLUDE_IN_FRAMEWORK_HEADER = YES;
				CLANG_WARN_RANGE_LOOP_ANALYSIS = YES;
				CLANG_WARN_STRICT_PROTOTYPES = YES;
				CLANG_WARN_SUSPICIOUS_MOVE = YES;
				CLANG_WARN_UNGUARDED_AVAILABILITY = YES_AGGRESSIVE;
				CLANG_WARN_UNREACHABLE_CODE = YES;
				CLANG_WARN__DUPLICATE_METHOD_MATCH = YES;
				COPY_PHASE_STRIP = NO;
				DEBUG_INFORMATION_FORMAT = "dwarf-with-dsym";
				ENABLE_NS_ASSERTIONS = NO;
				ENABLE_STRICT_OBJC_MSGSEND = YES;
				ENABLE_TESTABILITY = NO;
				ENABLE_USER_SCRIPT_SANDBOXING = NO;
				GCC_C_LANGUAGE_STANDARD = gnu17;
				GCC_NO_COMMON_BLOCKS = YES;
				GCC_WARN_64_TO_32_BIT_CONVERSION = YES;
				GCC_WARN_ABOUT_RETURN_TYPE = YES_ERROR;
				GCC_WARN_UNDECLARED_SELECTOR = YES;
				GCC_WARN_UNINITIALIZED_AUTOS = YES_AGGRESSIVE;
				GCC_WARN_UNUSED_FUNCTION = YES;
				GCC_WARN_UNUSED_VARIABLE = YES;
				LOCALIZATION_PREFERS_STRING_CATALOGS = YES;
				MACOSX_DEPLOYMENT_TARGET = 14.2;
				MTL_ENABLE_DEBUG_INFO = NO;
				MTL_FAST_MATH = YES;
				SDKROOT = macosx;
				SWIFT_COMPILATION_MODE = wholemodule;
			};
			name = Release;
		};
		D3105FE32B8E1C0E007DAE0B /* Debug */ = {
			isa = XCBuildConfiguration;
			buildSettings = {
				ASSETCATALOG_COMPILER_APPICON_NAME = AppIcon;
				ASSETCATALOG_COMPILER_GLOBAL_ACCENT_COLOR_NAME = AccentColor;
				CODE_SIGN_ENTITLEMENTS = Hola/Hola.entitlements;
				CODE_SIGN_STYLE = Automatic;
				COMBINE_HIDPI_IMAGES = YES;
				CURRENT_PROJECT_VERSION = 1;
				DEVELOPMENT_ASSET_PATHS = "\"Hola/Preview Content\"";
				ENABLE_PREVIEWS = YES;
				GENERATE_INFOPLIST_FILE = YES;
				INFOPLIST_KEY_NSHumanReadableCopyright = "";
				LD_RUNPATH_SEARCH_PATHS = (
					"$(inherited)",
					"@executable_path/../Frameworks",
				);
				MACOSX_DEPLOYMENT_TARGET = 14.0;
				MARKETING_VERSION = 1.0;
				PRODUCT_BUNDLE_IDENTIFIER = dev.iamsabbir.Hola;
				PRODUCT_NAME = "$(TARGET_NAME)";
				SWIFT_EMIT_LOC_STRINGS = YES;
				SWIFT_VERSION = 5.0;
			};
			name = Debug;
		};
		D3105FE42B8E1C0E007DAE0B /* Release */ = {
			isa = XCBuildConfiguration;
			buildSettings = {
				ASSETCATALOG_COMPILER_APPICON_NAME = AppIcon;
				ASSETCATALOG_COMPILER_GLOBAL_ACCENT_COLOR_NAME = AccentColor;
				CODE_SIGN_ENTITLEMENTS = Hola/Hola.entitlements;
				CODE_SIGN_STYLE = Automatic;
				COMBINE_HIDPI_IMAGES = YES;
				CURRENT_PROJECT_VERSION = 1;
				DEVELOPMENT_ASSET_PATHS = "\"Hola/Preview Content\"";
				ENABLE_PREVIEWS = YES;
				GENERATE_INFOPLIST_FILE = YES;
				INFOPLIST_KEY_NSHumanReadableCopyright = "";
				LD_RUNPATH_SEARCH_PATHS = (
					"$(inherited)",
					"@executable_path/../Frameworks",
				);
				MACOSX_DEPLOYMENT_TARGET = 14.0;
				MARKETING_VERSION = 1.0;
				PRODUCT_BUNDLE_IDENTIFIER = dev.iamsabbir.Hola;
				PRODUCT_NAME = "$(TARGET_NAME)";
				SWIFT_EMIT_LOC_STRINGS = YES;
				SWIFT_VERSION = 5.0;
			};
			name = Release;
		};
/* End XCBuildConfiguration section */

/* Begin XCConfigurationList section */
		D3105FCC2B8E1C0D007DAE0B /* Build configuration list for PBXProject "Hola" */ = {
			isa = XCConfigurationList;
			buildConfigurations = (
				D3105FE02B8E1C0E007DAE0B /* Debug */,
				D3105FE12B8E1C0E007DAE0B /* Release */,
			);
			defaultConfigurationIsVisible = 0;
			defaultConfigurationName = Release;
		};
		D3105FE22B8E1C0E007DAE0B /* Build configuration list for PBXNativeTarget "Hola" */ = {
			isa = XCConfigurationList;
			buildConfigurations = (
				D3105FE32B8E1C0E007DAE0B /* Debug */,
				D3105FE42B8E1C0E007DAE0B /* Release */,
			);
			defaultConfigurationIsVisible = 0;
			defaultConfigurationName = Release;
		};
/* End XCConfigurationList section */
	};
	rootObject = D3105FC92B8E1C0D007DAE0B /* Project object */;
}
